
Microsoft Visual Studio Solution File, Format Version 12.00
# Visual Studio 14
VisualStudioVersion = 14.0.25420.1
MinimumVisualStudioVersion = 10.0.40219.1
Project("{FAE04EC0-301F-11D3-BF4B-00C04F79EFBC}") = "DataBaseLab2", "DataBaseLab2\DataBaseLab2.csproj", "{AC7A9654-DD8A-45AB-9E7E-865696B76E3A}"
EndProject
Global
	GlobalSection(SolutionConfigurationPlatforms) = preSolution
		Debug|Any CPU = Debug|Any CPU
		Release|Any CPU = Release|Any CPU
	EndGlobalSection
	GlobalSection(ProjectConfigurationPlatforms) = postSolution
		{AC7A9654-DD8A-45AB-9E7E-865696B76E3A}.Debug|Any CPU.ActiveCfg = Debug|Any CPU
		{AC7A9654-DD8A-45AB-9E7E-865696B76E3A}.Debug|Any CPU.Build.0 = Debug|Any CPU
		{AC7A9654-DD8A-45AB-9E7E-865696B76E3A}.Release|Any CPU.ActiveCfg = Release|Any CPU
		{AC7A9654-DD8A-45AB-9E7E-865696B76E3A}.Release|Any CPU.Build.0 = Release|Any CPU
	EndGlobalSection
	GlobalSection(SolutionProperties) = preSolution
		HideSolutionNode = FALSE
	EndGlobalSection
EndGlobal
